
Microsoft Visual Studio Solution File, Format Version 12.00
# Visual Studio Version 17
VisualStudioVersion = 17.5.002.0
MinimumVisualStudioVersion = 10.0.40219.1
Project("{9A19103F-16F7-4668-BE54-9A1E7A4F7556}") = "WebApi", "WebApi\WebApi.csproj", "{B7630E00-E914-4CC9-BEE9-5F472D9B2B2F}"
EndProject
Project("{FAE04EC0-301F-11D3-BF4B-00C04F79EFBC}") = "UnitTests", "UnitTests\UnitTests.csproj", "{8ABCF160-BE4E-40EC-8F85-2A5DE2972A50}"
EndProject
Global
	GlobalSection(SolutionConfigurationPlatforms) = preSolution
		Debug|Any CPU = Debug|Any CPU
		Release|Any CPU = Release|Any CPU
	EndGlobalSection
	GlobalSection(ProjectConfigurationPlatforms) = postSolution
		{B7630E00-E914-4CC9-BEE9-5F472D9B2B2F}.Debug|Any CPU.ActiveCfg = Debug|Any CPU
		{B7630E00-E914-4CC9-BEE9-5F472D9B2B2F}.Debug|Any CPU.Build.0 = Debug|Any CPU
		{B7630E00-E914-4CC9-BEE9-5F472D9B2B2F}.Release|Any CPU.ActiveCfg = Release|Any CPU
		{B7630E00-E914-4CC9-BEE9-5F472D9B2B2F}.Release|Any CPU.Build.0 = Release|Any CPU
		{8ABCF160-BE4E-40EC-8F85-2A5DE2972A50}.Debug|Any CPU.ActiveCfg = Debug|Any CPU
		{8ABCF160-BE4E-40EC-8F85-2A5DE2972A50}.Debug|Any CPU.Build.0 = Debug|Any CPU
		{8ABCF160-BE4E-40EC-8F85-2A5DE2972A50}.Release|Any CPU.ActiveCfg = Release|Any CPU
		{8ABCF160-BE4E-40EC-8F85-2A5DE2972A50}.Release|Any CPU.Build.0 = Release|Any CPU
	EndGlobalSection
	GlobalSection(SolutionProperties) = preSolution
		HideSolutionNode = FALSE
	EndGlobalSection
	GlobalSection(ExtensibilityGlobals) = postSolution
		SolutionGuid = {66B903E0-DC12-47BD-990F-8050C0A02D0D}
	EndGlobalSection
EndGlobal
